
Microsoft Visual Studio Solution File, Format Version 12.00
# Visual Studio Version 17
VisualStudioVersion = 17.2.32526.322
MinimumVisualStudioVersion = 10.0.40219.1
Project("{9A19103F-16F7-4668-BE54-9A1E7A4F7556}") = "HelloWorld", "HelloWorld\HelloWorld.csproj", "{87DDC9F7-1E86-4EA5-ACAB-CF0F4553B3CF}"
EndProject
Project("{9A19103F-16F7-4668-BE54-9A1E7A4F7556}") = "AdvancedTopics", "AdvancedTopics\AdvancedTopics.csproj", "{C0FD8426-E2E2-422B-AC37-78AACCEA43DE}"
EndProject
Project("{9A19103F-16F7-4668-BE54-9A1E7A4F7556}") = "TODO_App", "TODO_App\TODO_App.csproj", "{40503F22-2B1C-4813-979C-735E111CAE63}"
EndProject
Project("{9A19103F-16F7-4668-BE54-9A1E7A4F7556}") = "UdemyCourse", "UdemyCourse\UdemyCourse.csproj", "{4E28C800-1259-48F7-9404-89EA9CB74225}"
EndProject
Project("{9A19103F-16F7-4668-BE54-9A1E7A4F7556}") = "CookiesCookbook", "CookiesCookbook\CookiesCookbook.csproj", "{639EB5E5-AD5D-488B-99AF-790B8B84AF84}"
EndProject
Project("{9A19103F-16F7-4668-BE54-9A1E7A4F7556}") = "Exeptions", "Exeptions\Exeptions.csproj", "{E92E303C-DBE1-4E90-916A-8B9C0796FD3D}"
EndProject
Project("{9A19103F-16F7-4668-BE54-9A1E7A4F7556}") = "GameDataCenter_my_solution", "GameDataCenter\GameDataCenter_my_solution.csproj", "{0C25DD99-3EF4-43CD-9D5C-9A6062F16F3B}"
EndProject
Project("{9A19103F-16F7-4668-BE54-9A1E7A4F7556}") = "GameDataParser", "GameDataParser\GameDataParser.csproj", "{95E6C177-333B-424A-8768-968AE9AF2A50}"
EndProject
Project("{9A19103F-16F7-4668-BE54-9A1E7A4F7556}") = "LearningGenerics", "LearningGenerics\LearningGenerics.csproj", "{077B0F2A-D07C-46E0-A758-5152492DF8A1}"
EndProject
Project("{9A19103F-16F7-4668-BE54-9A1E7A4F7556}") = "LearningLINQ", "LearningLINQ\LearningLINQ.csproj", "{099A3762-61CC-488A-9FB4-1EF140A11651}"
EndProject
Project("{9A19103F-16F7-4668-BE54-9A1E7A4F7556}") = "NETUndeTheHood", "NETUndeTheHood\NETUndeTheHood.csproj", "{3603C21D-CB87-4F29-BA93-5DA8B1446083}"
EndProject
Project("{9A19103F-16F7-4668-BE54-9A1E7A4F7556}") = "NetUnderTheHoodAssignment", "NetUnderTheHoodAssignment\NetUnderTheHoodAssignment.csproj", "{990ADD3C-199E-41FB-A508-C97A135939F5}"
EndProject
Project("{9A19103F-16F7-4668-BE54-9A1E7A4F7556}") = "AdvancedC#Types", "AdvancedC#Types\AdvancedC#Types.csproj", "{2FCC2747-2DD3-441F-B627-3461EC865E61}"
EndProject
Project("{FAE04EC0-301F-11D3-BF4B-00C04F79EFBC}") = "StarWarsPlanetsStats", "StarWarsPlanetsStats\StarWarsPlanetsStats.csproj", "{6ED5F9E4-A02F-4F7E-9B6A-27CDB260C87F}"
EndProject
Global
	GlobalSection(SolutionConfigurationPlatforms) = preSolution
		Debug|Any CPU = Debug|Any CPU
		Release|Any CPU = Release|Any CPU
	EndGlobalSection
	GlobalSection(ProjectConfigurationPlatforms) = postSolution
		{87DDC9F7-1E86-4EA5-ACAB-CF0F4553B3CF}.Debug|Any CPU.ActiveCfg = Debug|Any CPU
		{87DDC9F7-1E86-4EA5-ACAB-CF0F4553B3CF}.Debug|Any CPU.Build.0 = Debug|Any CPU
		{87DDC9F7-1E86-4EA5-ACAB-CF0F4553B3CF}.Release|Any CPU.ActiveCfg = Release|Any CPU
		{87DDC9F7-1E86-4EA5-ACAB-CF0F4553B3CF}.Release|Any CPU.Build.0 = Release|Any CPU
		{C0FD8426-E2E2-422B-AC37-78AACCEA43DE}.Debug|Any CPU.ActiveCfg = Debug|Any CPU
		{C0FD8426-E2E2-422B-AC37-78AACCEA43DE}.Debug|Any CPU.Build.0 = Debug|Any CPU
		{C0FD8426-E2E2-422B-AC37-78AACCEA43DE}.Release|Any CPU.ActiveCfg = Release|Any CPU
		{C0FD8426-E2E2-422B-AC37-78AACCEA43DE}.Release|Any CPU.Build.0 = Release|Any CPU
		{40503F22-2B1C-4813-979C-735E111CAE63}.Debug|Any CPU.ActiveCfg = Debug|Any CPU
		{40503F22-2B1C-4813-979C-735E111CAE63}.Debug|Any CPU.Build.0 = Debug|Any CPU
		{40503F22-2B1C-4813-979C-735E111CAE63}.Release|Any CPU.ActiveCfg = Release|Any CPU
		{40503F22-2B1C-4813-979C-735E111CAE63}.Release|Any CPU.Build.0 = Release|Any CPU
		{4E28C800-1259-48F7-9404-89EA9CB74225}.Debug|Any CPU.ActiveCfg = Debug|Any CPU
		{4E28C800-1259-48F7-9404-89EA9CB74225}.Debug|Any CPU.Build.0 = Debug|Any CPU
		{4E28C800-1259-48F7-9404-89EA9CB74225}.Release|Any CPU.ActiveCfg = Release|Any CPU
		{4E28C800-1259-48F7-9404-89EA9CB74225}.Release|Any CPU.Build.0 = Release|Any CPU
		{639EB5E5-AD5D-488B-99AF-790B8B84AF84}.Debug|Any CPU.ActiveCfg = Debug|Any CPU
		{639EB5E5-AD5D-488B-99AF-790B8B84AF84}.Debug|Any CPU.Build.0 = Debug|Any CPU
		{639EB5E5-AD5D-488B-99AF-790B8B84AF84}.Release|Any CPU.ActiveCfg = Release|Any CPU
		{639EB5E5-AD5D-488B-99AF-790B8B84AF84}.Release|Any CPU.Build.0 = Release|Any CPU
		{E92E303C-DBE1-4E90-916A-8B9C0796FD3D}.Debug|Any CPU.ActiveCfg = Debug|Any CPU
		{E92E303C-DBE1-4E90-916A-8B9C0796FD3D}.Debug|Any CPU.Build.0 = Debug|Any CPU
		{E92E303C-DBE1-4E90-916A-8B9C0796FD3D}.Release|Any CPU.ActiveCfg = Release|Any CPU
		{E92E303C-DBE1-4E90-916A-8B9C0796FD3D}.Release|Any CPU.Build.0 = Release|Any CPU
		{0C25DD99-3EF4-43CD-9D5C-9A6062F16F3B}.Debug|Any CPU.ActiveCfg = Debug|Any CPU
		{0C25DD99-3EF4-43CD-9D5C-9A6062F16F3B}.Debug|Any CPU.Build.0 = Debug|Any CPU
		{0C25DD99-3EF4-43CD-9D5C-9A6062F16F3B}.Release|Any CPU.ActiveCfg = Release|Any CPU
		{0C25DD99-3EF4-43CD-9D5C-9A6062F16F3B}.Release|Any CPU.Build.0 = Release|Any CPU
		{95E6C177-333B-424A-8768-968AE9AF2A50}.Debug|Any CPU.ActiveCfg = Debug|Any CPU
		{95E6C177-333B-424A-8768-968AE9AF2A50}.Debug|Any CPU.Build.0 = Debug|Any CPU
		{95E6C177-333B-424A-8768-968AE9AF2A50}.Release|Any CPU.ActiveCfg = Release|Any CPU
		{95E6C177-333B-424A-8768-968AE9AF2A50}.Release|Any CPU.Build.0 = Release|Any CPU
		{077B0F2A-D07C-46E0-A758-5152492DF8A1}.Debug|Any CPU.ActiveCfg = Debug|Any CPU
		{077B0F2A-D07C-46E0-A758-5152492DF8A1}.Debug|Any CPU.Build.0 = Debug|Any CPU
		{077B0F2A-D07C-46E0-A758-5152492DF8A1}.Release|Any CPU.ActiveCfg = Release|Any CPU
		{077B0F2A-D07C-46E0-A758-5152492DF8A1}.Release|Any CPU.Build.0 = Release|Any CPU
		{099A3762-61CC-488A-9FB4-1EF140A11651}.Debug|Any CPU.ActiveCfg = Debug|Any CPU
		{099A3762-61CC-488A-9FB4-1EF140A11651}.Debug|Any CPU.Build.0 = Debug|Any CPU
		{099A3762-61CC-488A-9FB4-1EF140A11651}.Release|Any CPU.ActiveCfg = Release|Any CPU
		{099A3762-61CC-488A-9FB4-1EF140A11651}.Release|Any CPU.Build.0 = Release|Any CPU
		{3603C21D-CB87-4F29-BA93-5DA8B1446083}.Debug|Any CPU.ActiveCfg = Debug|Any CPU
		{3603C21D-CB87-4F29-BA93-5DA8B1446083}.Debug|Any CPU.Build.0 = Debug|Any CPU
		{3603C21D-CB87-4F29-BA93-5DA8B1446083}.Release|Any CPU.ActiveCfg = Release|Any CPU
		{3603C21D-CB87-4F29-BA93-5DA8B1446083}.Release|Any CPU.Build.0 = Release|Any CPU
		{990ADD3C-199E-41FB-A508-C97A135939F5}.Debug|Any CPU.ActiveCfg = Debug|Any CPU
		{990ADD3C-199E-41FB-A508-C97A135939F5}.Debug|Any CPU.Build.0 = Debug|Any CPU
		{990ADD3C-199E-41FB-A508-C97A135939F5}.Release|Any CPU.ActiveCfg = Release|Any CPU
		{990ADD3C-199E-41FB-A508-C97A135939F5}.Release|Any CPU.Build.0 = Release|Any CPU
		{2FCC2747-2DD3-441F-B627-3461EC865E61}.Debug|Any CPU.ActiveCfg = Debug|Any CPU
		{2FCC2747-2DD3-441F-B627-3461EC865E61}.Debug|Any CPU.Build.0 = Debug|Any CPU
		{2FCC2747-2DD3-441F-B627-3461EC865E61}.Release|Any CPU.ActiveCfg = Release|Any CPU
		{2FCC2747-2DD3-441F-B627-3461EC865E61}.Release|Any CPU.Build.0 = Release|Any CPU
		{6ED5F9E4-A02F-4F7E-9B6A-27CDB260C87F}.Debug|Any CPU.ActiveCfg = Debug|Any CPU
		{6ED5F9E4-A02F-4F7E-9B6A-27CDB260C87F}.Debug|Any CPU.Build.0 = Debug|Any CPU
		{6ED5F9E4-A02F-4F7E-9B6A-27CDB260C87F}.Release|Any CPU.ActiveCfg = Release|Any CPU
		{6ED5F9E4-A02F-4F7E-9B6A-27CDB260C87F}.Release|Any CPU.Build.0 = Release|Any CPU
	EndGlobalSection
	GlobalSection(SolutionProperties) = preSolution
		HideSolutionNode = FALSE
	EndGlobalSection
	GlobalSection(ExtensibilityGlobals) = postSolution
		SolutionGuid = {12F26F83-7C5E-400C-BEA9-E239DE2521D4}
	EndGlobalSection
EndGlobal
